
Microsoft Visual Studio Solution File, Format Version 12.00
# Visual Studio 15
VisualStudioVersion = 15.0.28010.2016
MinimumVisualStudioVersion = 10.0.40219.1
Project("{FAE04EC0-301F-11D3-BF4B-00C04F79EFBC}") = "Assignment", "Assignment\Assignment.csproj", "{FBA36918-2B6C-405F-8DE5-A979275E7701}"
EndProject
Global
	GlobalSection(SolutionConfigurationPlatforms) = preSolution
		Debug|Any CPU = Debug|Any CPU
		Release|Any CPU = Release|Any CPU
	EndGlobalSection
	GlobalSection(ProjectConfigurationPlatforms) = postSolution
		{FBA36918-2B6C-405F-8DE5-A979275E7701}.Debug|Any CPU.ActiveCfg = Debug|Any CPU
		{FBA36918-2B6C-405F-8DE5-A979275E7701}.Debug|Any CPU.Build.0 = Debug|Any CPU
		{FBA36918-2B6C-405F-8DE5-A979275E7701}.Release|Any CPU.ActiveCfg = Release|Any CPU
		{FBA36918-2B6C-405F-8DE5-A979275E7701}.Release|Any CPU.Build.0 = Release|Any CPU
	EndGlobalSection
	GlobalSection(SolutionProperties) = preSolution
		HideSolutionNode = FALSE
	EndGlobalSection
	GlobalSection(ExtensibilityGlobals) = postSolution
		SolutionGuid = {17BF343C-8AC0-46D9-AF37-E3771E58B923}
	EndGlobalSection
EndGlobal
